
Microsoft Visual Studio Solution File, Format Version 12.00
# Visual Studio Version 17
VisualStudioVersion = 17.14.37012.4
MinimumVisualStudioVersion = 10.0.40219.1
Project("{FAE04EC0-301F-11D3-BF4B-00C04F79EFBC}") = "Voba", "Voba\Voba.csproj", "{1987D7E3-40C9-4141-96B7-BA2FAC4F1F7A}"
EndProject
Project("{2150E333-8FDC-42A3-9474-1A3956D46DE8}") = "Solution Items", "Solution Items", "{8EC462FD-D22E-90A8-E5CE-7E832BA40C5D}"
	ProjectSection(SolutionItems) = preProject
		.gitignore = .gitignore
	EndProjectSection
EndProject
Project("{FAE04EC0-301F-11D3-BF4B-00C04F79EFBC}") = "spoonacular", "SpoonacularSDK\spoonacular\spoonacular.csproj", "{37F977F1-350C-DA97-E1BF-BF2364C696FF}"
EndProject
Project("{FAE04EC0-301F-11D3-BF4B-00C04F79EFBC}") = "Voba.Core", "Voba.Core\Voba.Core.csproj", "{61788295-5C2C-4266-A1C9-74F4645E9EF1}"
EndProject
Project("{FAE04EC0-301F-11D3-BF4B-00C04F79EFBC}") = "Voba.Core.Tests", "Voba.Core.Tests\Voba.Core.Tests.csproj", "{349E1C8A-990A-4722-A091-DF22BACAAA19}"
EndProject
Project("{FAE04EC0-301F-11D3-BF4B-00C04F79EFBC}") = "Voba.Persistence", "Voba.Persistence\Voba.Persistence.csproj", "{9F9ADFCD-26B6-4C0D-9EDA-69CAEF439D7A}"
EndProject
Project("{FAE04EC0-301F-11D3-BF4B-00C04F79EFBC}") = "Voba.Persistence.Tests", "Voba.Persistence.Tests\Voba.Persistence.Tests.csproj", "{A071FE2F-EDD5-4978-9A5F-E6F3D3D198B0}"
EndProject
Project("{FAE04EC0-301F-11D3-BF4B-00C04F79EFBC}") = "Voba.AppData.Tests", "Voba.AppData.Tests\Voba.AppData.Tests.csproj", "{F0FF2E10-173E-4879-9A4D-1F8F56D2F2D3}"
EndProject
Project("{FAE04EC0-301F-11D3-BF4B-00C04F79EFBC}") = "Voba.Contracts", "Voba.Contracts\Voba.Contracts.csproj", "{8EFDBF3D-C5C6-4A80-8FAE-8BEE7511E8CC}"
EndProject
Project("{FAE04EC0-301F-11D3-BF4B-00C04F79EFBC}") = "Voba.Backend", "Voba.Backend\Voba.Backend.csproj", "{394D7B9B-381A-406D-9B7B-9D42BE074EC7}"
EndProject
Project("{FAE04EC0-301F-11D3-BF4B-00C04F79EFBC}") = "Voba.Backend.Tests", "Voba.Backend.Tests\Voba.Backend.Tests.csproj", "{E30359D7-920C-459E-A047-C81D63F46624}"
EndProject
Project("{FAE04EC0-301F-11D3-BF4B-00C04F79EFBC}") = "Voba.Backend.AcceptanceTests", "Voba.Backend.AcceptanceTests\Voba.Backend.AcceptanceTests.csproj", "{B64E49B1-FC29-47CA-B17F-1CF12565A846}"
EndProject
Project("{FAE04EC0-301F-11D3-BF4B-00C04F79EFBC}") = "Voba.Seed", "Voba.Seed\Voba.Seed.csproj", "{F01122BB-2683-421E-B2B9-3B8B26A932CC}"
EndProject
Project("{FAE04EC0-301F-11D3-BF4B-00C04F79EFBC}") = "Voba.Seed.Tests", "Voba.Seed.Tests\Voba.Seed.Tests.csproj", "{D6F9E1A3-C491-4E6C-95E8-CF07F279F679}"
EndProject
Project("{FAE04EC0-301F-11D3-BF4B-00C04F79EFBC}") = "Voba.Client", "Voba.Client\Voba.Client.csproj", "{C13D8E3D-F4CD-4B4A-BF13-D13CB2C0688C}"
EndProject
Project("{FAE04EC0-301F-11D3-BF4B-00C04F79EFBC}") = "Voba.Client.Tests", "Voba.Client.Tests\Voba.Client.Tests.csproj", "{BBB28D6E-C897-4DC1-8883-47D0FF2CA8ED}"
EndProject
Global
	GlobalSection(SolutionConfigurationPlatforms) = preSolution
		Debug|Any CPU = Debug|Any CPU
		Release|Any CPU = Release|Any CPU
	EndGlobalSection
	GlobalSection(ProjectConfigurationPlatforms) = postSolution
		{1987D7E3-40C9-4141-96B7-BA2FAC4F1F7A}.Debug|Any CPU.ActiveCfg = Debug|Any CPU
		{1987D7E3-40C9-4141-96B7-BA2FAC4F1F7A}.Debug|Any CPU.Build.0 = Debug|Any CPU
		{1987D7E3-40C9-4141-96B7-BA2FAC4F1F7A}.Release|Any CPU.ActiveCfg = Release|Any CPU
		{1987D7E3-40C9-4141-96B7-BA2FAC4F1F7A}.Release|Any CPU.Build.0 = Release|Any CPU
		{37F977F1-350C-DA97-E1BF-BF2364C696FF}.Debug|Any CPU.ActiveCfg = Debug|Any CPU
		{37F977F1-350C-DA97-E1BF-BF2364C696FF}.Debug|Any CPU.Build.0 = Debug|Any CPU
		{37F977F1-350C-DA97-E1BF-BF2364C696FF}.Release|Any CPU.ActiveCfg = Release|Any CPU
		{37F977F1-350C-DA97-E1BF-BF2364C696FF}.Release|Any CPU.Build.0 = Release|Any CPU
		{61788295-5C2C-4266-A1C9-74F4645E9EF1}.Debug|Any CPU.ActiveCfg = Debug|Any CPU
		{61788295-5C2C-4266-A1C9-74F4645E9EF1}.Debug|Any CPU.Build.0 = Debug|Any CPU
		{61788295-5C2C-4266-A1C9-74F4645E9EF1}.Release|Any CPU.ActiveCfg = Release|Any CPU
		{61788295-5C2C-4266-A1C9-74F4645E9EF1}.Release|Any CPU.Build.0 = Release|Any CPU
		{349E1C8A-990A-4722-A091-DF22BACAAA19}.Debug|Any CPU.ActiveCfg = Debug|Any CPU
		{349E1C8A-990A-4722-A091-DF22BACAAA19}.Debug|Any CPU.Build.0 = Debug|Any CPU
		{349E1C8A-990A-4722-A091-DF22BACAAA19}.Release|Any CPU.ActiveCfg = Release|Any CPU
		{349E1C8A-990A-4722-A091-DF22BACAAA19}.Release|Any CPU.Build.0 = Release|Any CPU
		{9F9ADFCD-26B6-4C0D-9EDA-69CAEF439D7A}.Debug|Any CPU.ActiveCfg = Debug|Any CPU
		{9F9ADFCD-26B6-4C0D-9EDA-69CAEF439D7A}.Debug|Any CPU.Build.0 = Debug|Any CPU
		{9F9ADFCD-26B6-4C0D-9EDA-69CAEF439D7A}.Release|Any CPU.ActiveCfg = Release|Any CPU
		{9F9ADFCD-26B6-4C0D-9EDA-69CAEF439D7A}.Release|Any CPU.Build.0 = Release|Any CPU
		{A071FE2F-EDD5-4978-9A5F-E6F3D3D198B0}.Debug|Any CPU.ActiveCfg = Debug|Any CPU
		{A071FE2F-EDD5-4978-9A5F-E6F3D3D198B0}.Debug|Any CPU.Build.0 = Debug|Any CPU
		{A071FE2F-EDD5-4978-9A5F-E6F3D3D198B0}.Release|Any CPU.ActiveCfg = Release|Any CPU
		{A071FE2F-EDD5-4978-9A5F-E6F3D3D198B0}.Release|Any CPU.Build.0 = Release|Any CPU
		{F0FF2E10-173E-4879-9A4D-1F8F56D2F2D3}.Debug|Any CPU.ActiveCfg = Debug|Any CPU
		{F0FF2E10-173E-4879-9A4D-1F8F56D2F2D3}.Debug|Any CPU.Build.0 = Debug|Any CPU
		{F0FF2E10-173E-4879-9A4D-1F8F56D2F2D3}.Release|Any CPU.ActiveCfg = Release|Any CPU
		{F0FF2E10-173E-4879-9A4D-1F8F56D2F2D3}.Release|Any CPU.Build.0 = Release|Any CPU
		{8EFDBF3D-C5C6-4A80-8FAE-8BEE7511E8CC}.Debug|Any CPU.ActiveCfg = Debug|Any CPU
		{8EFDBF3D-C5C6-4A80-8FAE-8BEE7511E8CC}.Debug|Any CPU.Build.0 = Debug|Any CPU
		{8EFDBF3D-C5C6-4A80-8FAE-8BEE7511E8CC}.Release|Any CPU.ActiveCfg = Release|Any CPU
		{8EFDBF3D-C5C6-4A80-8FAE-8BEE7511E8CC}.Release|Any CPU.Build.0 = Release|Any CPU
		{394D7B9B-381A-406D-9B7B-9D42BE074EC7}.Debug|Any CPU.ActiveCfg = Debug|Any CPU
		{394D7B9B-381A-406D-9B7B-9D42BE074EC7}.Debug|Any CPU.Build.0 = Debug|Any CPU
		{394D7B9B-381A-406D-9B7B-9D42BE074EC7}.Release|Any CPU.ActiveCfg = Release|Any CPU
		{394D7B9B-381A-406D-9B7B-9D42BE074EC7}.Release|Any CPU.Build.0 = Release|Any CPU
		{E30359D7-920C-459E-A047-C81D63F46624}.Debug|Any CPU.ActiveCfg = Debug|Any CPU
		{E30359D7-920C-459E-A047-C81D63F46624}.Debug|Any CPU.Build.0 = Debug|Any CPU
		{E30359D7-920C-459E-A047-C81D63F46624}.Release|Any CPU.ActiveCfg = Release|Any CPU
		{E30359D7-920C-459E-A047-C81D63F46624}.Release|Any CPU.Build.0 = Release|Any CPU
		{B64E49B1-FC29-47CA-B17F-1CF12565A846}.Debug|Any CPU.ActiveCfg = Debug|Any CPU
		{B64E49B1-FC29-47CA-B17F-1CF12565A846}.Debug|Any CPU.Build.0 = Debug|Any CPU
		{B64E49B1-FC29-47CA-B17F-1CF12565A846}.Release|Any CPU.ActiveCfg = Release|Any CPU
		{B64E49B1-FC29-47CA-B17F-1CF12565A846}.Release|Any CPU.Build.0 = Release|Any CPU
		{F01122BB-2683-421E-B2B9-3B8B26A932CC}.Debug|Any CPU.ActiveCfg = Debug|Any CPU
		{F01122BB-2683-421E-B2B9-3B8B26A932CC}.Debug|Any CPU.Build.0 = Debug|Any CPU
		{F01122BB-2683-421E-B2B9-3B8B26A932CC}.Release|Any CPU.ActiveCfg = Release|Any CPU
		{F01122BB-2683-421E-B2B9-3B8B26A932CC}.Release|Any CPU.Build.0 = Release|Any CPU
		{D6F9E1A3-C491-4E6C-95E8-CF07F279F679}.Debug|Any CPU.ActiveCfg = Debug|Any CPU
		{D6F9E1A3-C491-4E6C-95E8-CF07F279F679}.Debug|Any CPU.Build.0 = Debug|Any CPU
		{D6F9E1A3-C491-4E6C-95E8-CF07F279F679}.Release|Any CPU.ActiveCfg = Release|Any CPU
		{D6F9E1A3-C491-4E6C-95E8-CF07F279F679}.Release|Any CPU.Build.0 = Release|Any CPU
		{C13D8E3D-F4CD-4B4A-BF13-D13CB2C0688C}.Debug|Any CPU.ActiveCfg = Debug|Any CPU
		{C13D8E3D-F4CD-4B4A-BF13-D13CB2C0688C}.Debug|Any CPU.Build.0 = Debug|Any CPU
		{C13D8E3D-F4CD-4B4A-BF13-D13CB2C0688C}.Release|Any CPU.ActiveCfg = Release|Any CPU
		{C13D8E3D-F4CD-4B4A-BF13-D13CB2C0688C}.Release|Any CPU.Build.0 = Release|Any CPU
		{BBB28D6E-C897-4DC1-8883-47D0FF2CA8ED}.Debug|Any CPU.ActiveCfg = Debug|Any CPU
		{BBB28D6E-C897-4DC1-8883-47D0FF2CA8ED}.Debug|Any CPU.Build.0 = Debug|Any CPU
		{BBB28D6E-C897-4DC1-8883-47D0FF2CA8ED}.Release|Any CPU.ActiveCfg = Release|Any CPU
		{BBB28D6E-C897-4DC1-8883-47D0FF2CA8ED}.Release|Any CPU.Build.0 = Release|Any CPU
	EndGlobalSection
	GlobalSection(SolutionProperties) = preSolution
		HideSolutionNode = FALSE
	EndGlobalSection
	GlobalSection(ExtensibilityGlobals) = postSolution
		SolutionGuid = {1A8591D8-8598-47EA-9E84-0FA84ECE4817}
	EndGlobalSection
EndGlobal
